// !$*UTF8*$!
{
	archiveVersion = 1;
	classes = {
	};
	objectVersion = 51;
	objects = {

/* Begin PBXBuildFile section */
		67A8D66FE5F280B4B43D69ED /* Pods_Currency_Converter.framework in Frameworks */ = {isa = PBXBuildFile; fileRef = BDA1F9AF57B21DD19DCBEB79 /* Pods_Currency_Converter.framework */; };
		F99607DC25AF89CB0078AFF3 /* CurrencyTableViewCell.swift in Sources */ = {isa = PBXBuildFile; fileRef = F99607DA25AF89CB0078AFF3 /* CurrencyTableViewCell.swift */; };
		F99607DD25AF89CB0078AFF3 /* CurrencyTableViewCell.xib in Resources */ = {isa = PBXBuildFile; fileRef = F99607DB25AF89CB0078AFF3 /* CurrencyTableViewCell.xib */; };
		F99607E525AF8D030078AFF3 /* Currencies.swift in Sources */ = {isa = PBXBuildFile; fileRef = F99607E425AF8D030078AFF3 /* Currencies.swift */; };
		F9B0EE7625B005D5004F7AB1 /* CurrenciesViewModel.swift in Sources */ = {isa = PBXBuildFile; fileRef = F9B0EE7525B005D5004F7AB1 /* CurrenciesViewModel.swift */; };
		F9CE72DD25B0300000F01EB4 /* CurrencyAPI.swift in Sources */ = {isa = PBXBuildFile; fileRef = F9CE72AD25B0300000F01EB4 /* CurrencyAPI.swift */; };
		F9CE72F125B0300000F01EB4 /* ParameterEncoding.swift in Sources */ = {isa = PBXBuildFile; fileRef = F9CE72CA25B0300000F01EB4 /* ParameterEncoding.swift */; };
		F9CE72F325B0300000F01EB4 /* URLParameterEncoding.swift in Sources */ = {isa = PBXBuildFile; fileRef = F9CE72CC25B0300000F01EB4 /* URLParameterEncoding.swift */; };
		F9CE72F625B0300000F01EB4 /* APIData.swift in Sources */ = {isa = PBXBuildFile; fileRef = F9CE72D025B0300000F01EB4 /* APIData.swift */; };
		F9CE72F725B0300000F01EB4 /* ServerResponse.swift in Sources */ = {isa = PBXBuildFile; fileRef = F9CE72D125B0300000F01EB4 /* ServerResponse.swift */; };
		F9CE72F925B0300000F01EB4 /* ResponseHandler.swift in Sources */ = {isa = PBXBuildFile; fileRef = F9CE72D425B0300000F01EB4 /* ResponseHandler.swift */; };
		F9CE72FA25B0300000F01EB4 /* CustomErrors.swift in Sources */ = {isa = PBXBuildFile; fileRef = F9CE72D525B0300000F01EB4 /* CustomErrors.swift */; };
		F9CE72FB25B0300000F01EB4 /* ResponseHandlerProtocol.swift in Sources */ = {isa = PBXBuildFile; fileRef = F9CE72D625B0300000F01EB4 /* ResponseHandlerProtocol.swift */; };
		F9CE72FC25B0300000F01EB4 /* NetworkRouter.swift in Sources */ = {isa = PBXBuildFile; fileRef = F9CE72D825B0300000F01EB4 /* NetworkRouter.swift */; };
		F9CE72FD25B0300000F01EB4 /* HTTPTask.swift in Sources */ = {isa = PBXBuildFile; fileRef = F9CE72D925B0300000F01EB4 /* HTTPTask.swift */; };
		F9CE72FE25B0300000F01EB4 /* HTTPMethod.swift in Sources */ = {isa = PBXBuildFile; fileRef = F9CE72DA25B0300000F01EB4 /* HTTPMethod.swift */; };
		F9CE72FF25B0300000F01EB4 /* Router.swift in Sources */ = {isa = PBXBuildFile; fileRef = F9CE72DB25B0300000F01EB4 /* Router.swift */; };
		F9CE730025B0300000F01EB4 /* EndPointType.swift in Sources */ = {isa = PBXBuildFile; fileRef = F9CE72DC25B0300000F01EB4 /* EndPointType.swift */; };
		F9CE730625B0322300F01EB4 /* CurrencyEndpoint.swift in Sources */ = {isa = PBXBuildFile; fileRef = F9CE730525B0322300F01EB4 /* CurrencyEndpoint.swift */; };
		F9F621E625AF659100C35C23 /* AppDelegate.swift in Sources */ = {isa = PBXBuildFile; fileRef = F9F621E525AF659100C35C23 /* AppDelegate.swift */; };
		F9F621E825AF659100C35C23 /* SceneDelegate.swift in Sources */ = {isa = PBXBuildFile; fileRef = F9F621E725AF659100C35C23 /* SceneDelegate.swift */; };
		F9F621EA25AF659100C35C23 /* CurrenciesViewController.swift in Sources */ = {isa = PBXBuildFile; fileRef = F9F621E925AF659100C35C23 /* CurrenciesViewController.swift */; };
		F9F621ED25AF659100C35C23 /* Main.storyboard in Resources */ = {isa = PBXBuildFile; fileRef = F9F621EB25AF659100C35C23 /* Main.storyboard */; };
		F9F621EF25AF659400C35C23 /* Assets.xcassets in Resources */ = {isa = PBXBuildFile; fileRef = F9F621EE25AF659400C35C23 /* Assets.xcassets */; };
		F9F621F225AF659400C35C23 /* LaunchScreen.storyboard in Resources */ = {isa = PBXBuildFile; fileRef = F9F621F025AF659400C35C23 /* LaunchScreen.storyboard */; };
		F9FBE4FB25B0105F00E070D8 /* ConverterViewController.swift in Sources */ = {isa = PBXBuildFile; fileRef = F9FBE4FA25B0105F00E070D8 /* ConverterViewController.swift */; };
		F9FBE4FF25B0122500E070D8 /* ConverterViewModel.swift in Sources */ = {isa = PBXBuildFile; fileRef = F9FBE4FE25B0122500E070D8 /* ConverterViewModel.swift */; };
		F9FBE50325B019F700E070D8 /* UIView+Extension.swift in Sources */ = {isa = PBXBuildFile; fileRef = F9FBE50225B019F700E070D8 /* UIView+Extension.swift */; };
/* End PBXBuildFile section */

/* Begin PBXFileReference section */
		8B9DD23FBE5587619B0CAE37 /* Pods-Currency Converter.release.xcconfig */ = {isa = PBXFileReference; includeInIndex = 1; lastKnownFileType = text.xcconfig; name = "Pods-Currency Converter.release.xcconfig"; path = "Target Support Files/Pods-Currency Converter/Pods-Currency Converter.release.xcconfig"; sourceTree = "<group>"; };
		BDA1F9AF57B21DD19DCBEB79 /* Pods_Currency_Converter.framework */ = {isa = PBXFileReference; explicitFileType = wrapper.framework; includeInIndex = 0; path = Pods_Currency_Converter.framework; sourceTree = BUILT_PRODUCTS_DIR; };
		C50DE6851E96FF8AB36BA18C /* Pods-Currency Converter.debug.xcconfig */ = {isa = PBXFileReference; includeInIndex = 1; lastKnownFileType = text.xcconfig; name = "Pods-Currency Converter.debug.xcconfig"; path = "Target Support Files/Pods-Currency Converter/Pods-Currency Converter.debug.xcconfig"; sourceTree = "<group>"; };
		F99607DA25AF89CB0078AFF3 /* CurrencyTableViewCell.swift */ = {isa = PBXFileReference; lastKnownFileType = sourcecode.swift; path = CurrencyTableViewCell.swift; sourceTree = "<group>"; };
		F99607DB25AF89CB0078AFF3 /* CurrencyTableViewCell.xib */ = {isa = PBXFileReference; lastKnownFileType = file.xib; path = CurrencyTableViewCell.xib; sourceTree = "<group>"; };
		F99607E425AF8D030078AFF3 /* Currencies.swift */ = {isa = PBXFileReference; lastKnownFileType = sourcecode.swift; path = Currencies.swift; sourceTree = "<group>"; };
		F9B0EE7525B005D5004F7AB1 /* CurrenciesViewModel.swift */ = {isa = PBXFileReference; lastKnownFileType = sourcecode.swift; path = CurrenciesViewModel.swift; sourceTree = "<group>"; };
		F9CE72AD25B0300000F01EB4 /* CurrencyAPI.swift */ = {isa = PBXFileReference; fileEncoding = 4; lastKnownFileType = sourcecode.swift; path = CurrencyAPI.swift; sourceTree = "<group>"; };
		F9CE72CA25B0300000F01EB4 /* ParameterEncoding.swift */ = {isa = PBXFileReference; fileEncoding = 4; lastKnownFileType = sourcecode.swift; path = ParameterEncoding.swift; sourceTree = "<group>"; };
		F9CE72CC25B0300000F01EB4 /* URLParameterEncoding.swift */ = {isa = PBXFileReference; fileEncoding = 4; lastKnownFileType = sourcecode.swift; path = URLParameterEncoding.swift; sourceTree = "<group>"; };
		F9CE72D025B0300000F01EB4 /* APIData.swift */ = {isa = PBXFileReference; fileEncoding = 4; lastKnownFileType = sourcecode.swift; path = APIData.swift; sourceTree = "<group>"; };
		F9CE72D125B0300000F01EB4 /* ServerResponse.swift */ = {isa = PBXFileReference; fileEncoding = 4; lastKnownFileType = sourcecode.swift; path = ServerResponse.swift; sourceTree = "<group>"; };
		F9CE72D425B0300000F01EB4 /* ResponseHandler.swift */ = {isa = PBXFileReference; fileEncoding = 4; lastKnownFileType = sourcecode.swift; path = ResponseHandler.swift; sourceTree = "<group>"; };
		F9CE72D525B0300000F01EB4 /* CustomErrors.swift */ = {isa = PBXFileReference; fileEncoding = 4; lastKnownFileType = sourcecode.swift; path = CustomErrors.swift; sourceTree = "<group>"; };
		F9CE72D625B0300000F01EB4 /* ResponseHandlerProtocol.swift */ = {isa = PBXFileReference; fileEncoding = 4; lastKnownFileType = sourcecode.swift; path = ResponseHandlerProtocol.swift; sourceTree = "<group>"; };
		F9CE72D825B0300000F01EB4 /* NetworkRouter.swift */ = {isa = PBXFileReference; fileEncoding = 4; lastKnownFileType = sourcecode.swift; path = NetworkRouter.swift; sourceTree = "<group>"; };
		F9CE72D925B0300000F01EB4 /* HTTPTask.swift */ = {isa = PBXFileReference; fileEncoding = 4; lastKnownFileType = sourcecode.swift; path = HTTPTask.swift; sourceTree = "<group>"; };
		F9CE72DA25B0300000F01EB4 /* HTTPMethod.swift */ = {isa = PBXFileReference; fileEncoding = 4; lastKnownFileType = sourcecode.swift; path = HTTPMethod.swift; sourceTree = "<group>"; };
		F9CE72DB25B0300000F01EB4 /* Router.swift */ = {isa = PBXFileReference; fileEncoding = 4; lastKnownFileType = sourcecode.swift; path = Router.swift; sourceTree = "<group>"; };
		F9CE72DC25B0300000F01EB4 /* EndPointType.swift */ = {isa = PBXFileReference; fileEncoding = 4; lastKnownFileType = sourcecode.swift; path = EndPointType.swift; sourceTree = "<group>"; };
		F9CE730525B0322300F01EB4 /* CurrencyEndpoint.swift */ = {isa = PBXFileReference; fileEncoding = 4; lastKnownFileType = sourcecode.swift; path = CurrencyEndpoint.swift; sourceTree = "<group>"; };
		F9F621E225AF659100C35C23 /* Currency Converter.app */ = {isa = PBXFileReference; explicitFileType = wrapper.application; includeInIndex = 0; path = "Currency Converter.app"; sourceTree = BUILT_PRODUCTS_DIR; };
		F9F621E525AF659100C35C23 /* AppDelegate.swift */ = {isa = PBXFileReference; lastKnownFileType = sourcecode.swift; path = AppDelegate.swift; sourceTree = "<group>"; };
		F9F621E725AF659100C35C23 /* SceneDelegate.swift */ = {isa = PBXFileReference; lastKnownFileType = sourcecode.swift; path = SceneDelegate.swift; sourceTree = "<group>"; };
		F9F621E925AF659100C35C23 /* CurrenciesViewController.swift */ = {isa = PBXFileReference; lastKnownFileType = sourcecode.swift; path = CurrenciesViewController.swift; sourceTree = "<group>"; };
		F9F621EC25AF659100C35C23 /* Base */ = {isa = PBXFileReference; lastKnownFileType = file.storyboard; name = Base; path = Base.lproj/Main.storyboard; sourceTree = "<group>"; };
		F9F621EE25AF659400C35C23 /* Assets.xcassets */ = {isa = PBXFileReference; lastKnownFileType = folder.assetcatalog; path = Assets.xcassets; sourceTree = "<group>"; };
		F9F621F125AF659400C35C23 /* Base */ = {isa = PBXFileReference; lastKnownFileType = file.storyboard; name = Base; path = Base.lproj/LaunchScreen.storyboard; sourceTree = "<group>"; };
		F9F621F325AF659400C35C23 /* Info.plist */ = {isa = PBXFileReference; lastKnownFileType = text.plist.xml; path = Info.plist; sourceTree = "<group>"; };
		F9FBE4FA25B0105F00E070D8 /* ConverterViewController.swift */ = {isa = PBXFileReference; lastKnownFileType = sourcecode.swift; path = ConverterViewController.swift; sourceTree = "<group>"; };
		F9FBE4FE25B0122500E070D8 /* ConverterViewModel.swift */ = {isa = PBXFileReference; lastKnownFileType = sourcecode.swift; path = ConverterViewModel.swift; sourceTree = "<group>"; };
		F9FBE50225B019F700E070D8 /* UIView+Extension.swift */ = {isa = PBXFileReference; lastKnownFileType = sourcecode.swift; path = "UIView+Extension.swift"; sourceTree = "<group>"; };
/* End PBXFileReference section */

/* Begin PBXFrameworksBuildPhase section */
		F9F621DF25AF659100C35C23 /* Frameworks */ = {
			isa = PBXFrameworksBuildPhase;
			buildActionMask = 2147483647;
			files = (
				67A8D66FE5F280B4B43D69ED /* Pods_Currency_Converter.framework in Frameworks */,
			);
			runOnlyForDeploymentPostprocessing = 0;
		};
/* End PBXFrameworksBuildPhase section */

/* Begin PBXGroup section */
		3BACA7767134E9991953A7BD /* Frameworks */ = {
			isa = PBXGroup;
			children = (
				BDA1F9AF57B21DD19DCBEB79 /* Pods_Currency_Converter.framework */,
			);
			name = Frameworks;
			sourceTree = "<group>";
		};
		EA3D8499D708B109F0CEB6F2 /* Pods */ = {
			isa = PBXGroup;
			children = (
				C50DE6851E96FF8AB36BA18C /* Pods-Currency Converter.debug.xcconfig */,
				8B9DD23FBE5587619B0CAE37 /* Pods-Currency Converter.release.xcconfig */,
			);
			path = Pods;
			sourceTree = "<group>";
		};
		F99607D925AF89A10078AFF3 /* Cell */ = {
			isa = PBXGroup;
			children = (
				F99607DA25AF89CB0078AFF3 /* CurrencyTableViewCell.swift */,
				F99607DB25AF89CB0078AFF3 /* CurrencyTableViewCell.xib */,
			);
			path = Cell;
			sourceTree = "<group>";
		};
		F99607E125AF8CBA0078AFF3 /* Modules */ = {
			isa = PBXGroup;
			children = (
				F9FBE4F725B0103100E070D8 /* Converter */,
				F99607E225AF8CC20078AFF3 /* Currencies */,
			);
			path = Modules;
			sourceTree = "<group>";
		};
		F99607E225AF8CC20078AFF3 /* Currencies */ = {
			isa = PBXGroup;
			children = (
				F99607E325AF8CF60078AFF3 /* Model */,
				F9B0EE7925B00A1A004F7AB1 /* View */,
				F9B0EE7425B005C0004F7AB1 /* Presenter */,
			);
			path = Currencies;
			sourceTree = "<group>";
		};
		F99607E325AF8CF60078AFF3 /* Model */ = {
			isa = PBXGroup;
			children = (
				F99607E425AF8D030078AFF3 /* Currencies.swift */,
			);
			path = Model;
			sourceTree = "<group>";
		};
		F9B0EE7425B005C0004F7AB1 /* Presenter */ = {
			isa = PBXGroup;
			children = (
				F9B0EE7525B005D5004F7AB1 /* CurrenciesViewModel.swift */,
			);
			path = Presenter;
			sourceTree = "<group>";
		};
		F9B0EE7925B00A1A004F7AB1 /* View */ = {
			isa = PBXGroup;
			children = (
				F99607D925AF89A10078AFF3 /* Cell */,
				F9F621E925AF659100C35C23 /* CurrenciesViewController.swift */,
			);
			path = View;
			sourceTree = "<group>";
		};
		F9CE72AA25B0300000F01EB4 /* Networking */ = {
			isa = PBXGroup;
			children = (
				F9CE72AB25B0300000F01EB4 /* APIs */,
				F9CE72C925B0300000F01EB4 /* Encoding */,
				F9CE72CE25B0300000F01EB4 /* Model */,
				F9CE72D325B0300000F01EB4 /* Response Handler */,
				F9CE72D725B0300000F01EB4 /* Service */,
			);
			path = Networking;
			sourceTree = "<group>";
		};
		F9CE72AB25B0300000F01EB4 /* APIs */ = {
			isa = PBXGroup;
			children = (
				F9CE72AD25B0300000F01EB4 /* CurrencyAPI.swift */,
				F9CE730525B0322300F01EB4 /* CurrencyEndpoint.swift */,
			);
			path = APIs;
			sourceTree = "<group>";
		};
		F9CE72C925B0300000F01EB4 /* Encoding */ = {
			isa = PBXGroup;
			children = (
				F9CE72CA25B0300000F01EB4 /* ParameterEncoding.swift */,
				F9CE72CC25B0300000F01EB4 /* URLParameterEncoding.swift */,
			);
			path = Encoding;
			sourceTree = "<group>";
		};
		F9CE72CE25B0300000F01EB4 /* Model */ = {
			isa = PBXGroup;
			children = (
				F9CE72D025B0300000F01EB4 /* APIData.swift */,
				F9CE72D125B0300000F01EB4 /* ServerResponse.swift */,
			);
			path = Model;
			sourceTree = "<group>";
		};
		F9CE72D325B0300000F01EB4 /* Response Handler */ = {
			isa = PBXGroup;
			children = (
				F9CE72D425B0300000F01EB4 /* ResponseHandler.swift */,
				F9CE72D525B0300000F01EB4 /* CustomErrors.swift */,
				F9CE72D625B0300000F01EB4 /* ResponseHandlerProtocol.swift */,
			);
			path = "Response Handler";
			sourceTree = "<group>";
		};
		F9CE72D725B0300000F01EB4 /* Service */ = {
			isa = PBXGroup;
			children = (
				F9CE72D825B0300000F01EB4 /* NetworkRouter.swift */,
				F9CE72D925B0300000F01EB4 /* HTTPTask.swift */,
				F9CE72DA25B0300000F01EB4 /* HTTPMethod.swift */,
				F9CE72DB25B0300000F01EB4 /* Router.swift */,
				F9CE72DC25B0300000F01EB4 /* EndPointType.swift */,
			);
			path = Service;
			sourceTree = "<group>";
		};
		F9F621D925AF659000C35C23 = {
			isa = PBXGroup;
			children = (
				F9F621E425AF659100C35C23 /* Currency Converter */,
				F9F621E325AF659100C35C23 /* Products */,
				EA3D8499D708B109F0CEB6F2 /* Pods */,
				3BACA7767134E9991953A7BD /* Frameworks */,
			);
			sourceTree = "<group>";
		};
		F9F621E325AF659100C35C23 /* Products */ = {
			isa = PBXGroup;
			children = (
				F9F621E225AF659100C35C23 /* Currency Converter.app */,
			);
			name = Products;
			sourceTree = "<group>";
		};
		F9F621E425AF659100C35C23 /* Currency Converter */ = {
			isa = PBXGroup;
			children = (
				F9CE72AA25B0300000F01EB4 /* Networking */,
				F99607E125AF8CBA0078AFF3 /* Modules */,
				F9FBE50925B024F400E070D8 /* Extensions */,
				F9F621E525AF659100C35C23 /* AppDelegate.swift */,
				F9F621E725AF659100C35C23 /* SceneDelegate.swift */,
				F9F621EB25AF659100C35C23 /* Main.storyboard */,
				F9F621EE25AF659400C35C23 /* Assets.xcassets */,
				F9F621F025AF659400C35C23 /* LaunchScreen.storyboard */,
				F9F621F325AF659400C35C23 /* Info.plist */,
			);
			path = "Currency Converter";
			sourceTree = "<group>";
		};
		F9FBE4F725B0103100E070D8 /* Converter */ = {
			isa = PBXGroup;
			children = (
				F9FBE4F925B0104500E070D8 /* View */,
				F9FBE4F825B0103A00E070D8 /* Pesenter */,
			);
			path = Converter;
			sourceTree = "<group>";
		};
		F9FBE4F825B0103A00E070D8 /* Pesenter */ = {
			isa = PBXGroup;
			children = (
				F9FBE4FE25B0122500E070D8 /* ConverterViewModel.swift */,
			);
			path = Pesenter;
			sourceTree = "<group>";
		};
		F9FBE4F925B0104500E070D8 /* View */ = {
			isa = PBXGroup;
			children = (
				F9FBE4FA25B0105F00E070D8 /* ConverterViewController.swift */,
			);
			path = View;
			sourceTree = "<group>";
		};
		F9FBE50925B024F400E070D8 /* Extensions */ = {
			isa = PBXGroup;
			children = (
				F9FBE50225B019F700E070D8 /* UIView+Extension.swift */,
			);
			path = Extensions;
			sourceTree = "<group>";
		};
/* End PBXGroup section */

/* Begin PBXNativeTarget section */
		F9F621E125AF659100C35C23 /* Currency Converter */ = {
			isa = PBXNativeTarget;
			buildConfigurationList = F9F621F625AF659400C35C23 /* Build configuration list for PBXNativeTarget "Currency Converter" */;
			buildPhases = (
				791F0A09A3FC25E4CA69F46E /* [CP] Check Pods Manifest.lock */,
				F9F621DE25AF659100C35C23 /* Sources */,
				F9F621DF25AF659100C35C23 /* Frameworks */,
				F9F621E025AF659100C35C23 /* Resources */,
				678FD3E00CF9887E159F5272 /* [CP] Embed Pods Frameworks */,
			);
			buildRules = (
			);
			dependencies = (
			);
			name = "Currency Converter";
			productName = "Currency Converter";
			productReference = F9F621E225AF659100C35C23 /* Currency Converter.app */;
			productType = "com.apple.product-type.application";
		};
/* End PBXNativeTarget section */

/* Begin PBXProject section */
		F9F621DA25AF659000C35C23 /* Project object */ = {
			isa = PBXProject;
			attributes = {
				LastSwiftUpdateCheck = 1220;
				LastUpgradeCheck = 1220;
				TargetAttributes = {
					F9F621E125AF659100C35C23 = {
						CreatedOnToolsVersion = 12.2;
					};
				};
			};
			buildConfigurationList = F9F621DD25AF659000C35C23 /* Build configuration list for PBXProject "Currency Converter" */;
			compatibilityVersion = "Xcode 9.3";
			developmentRegion = en;
			hasScannedForEncodings = 0;
			knownRegions = (
				en,
				Base,
			);
			mainGroup = F9F621D925AF659000C35C23;
			productRefGroup = F9F621E325AF659100C35C23 /* Products */;
			projectDirPath = "";
			projectRoot = "";
			targets = (
				F9F621E125AF659100C35C23 /* Currency Converter */,
			);
		};
/* End PBXProject section */

/* Begin PBXResourcesBuildPhase section */
		F9F621E025AF659100C35C23 /* Resources */ = {
			isa = PBXResourcesBuildPhase;
			buildActionMask = 2147483647;
			files = (
				F99607DD25AF89CB0078AFF3 /* CurrencyTableViewCell.xib in Resources */,
				F9F621F225AF659400C35C23 /* LaunchScreen.storyboard in Resources */,
				F9F621EF25AF659400C35C23 /* Assets.xcassets in Resources */,
				F9F621ED25AF659100C35C23 /* Main.storyboard in Resources */,
			);
			runOnlyForDeploymentPostprocessing = 0;
		};
/* End PBXResourcesBuildPhase section */

/* Begin PBXShellScriptBuildPhase section */
		678FD3E00CF9887E159F5272 /* [CP] Embed Pods Frameworks */ = {
			isa = PBXShellScriptBuildPhase;
			buildActionMask = 2147483647;
			files = (
			);
			inputFileListPaths = (
				"${PODS_ROOT}/Target Support Files/Pods-Currency Converter/Pods-Currency Converter-frameworks-${CONFIGURATION}-input-files.xcfilelist",
			);
			name = "[CP] Embed Pods Frameworks";
			outputFileListPaths = (
				"${PODS_ROOT}/Target Support Files/Pods-Currency Converter/Pods-Currency Converter-frameworks-${CONFIGURATION}-output-files.xcfilelist",
			);
			runOnlyForDeploymentPostprocessing = 0;
			shellPath = /bin/sh;
			shellScript = "\"${PODS_ROOT}/Target Support Files/Pods-Currency Converter/Pods-Currency Converter-frameworks.sh\"\n";
			showEnvVarsInLog = 0;
		};
		791F0A09A3FC25E4CA69F46E /* [CP] Check Pods Manifest.lock */ = {
			isa = PBXShellScriptBuildPhase;
			buildActionMask = 2147483647;
			files = (
			);
			inputFileListPaths = (
			);
			inputPaths = (
				"${PODS_PODFILE_DIR_PATH}/Podfile.lock",
				"${PODS_ROOT}/Manifest.lock",
			);
			name = "[CP] Check Pods Manifest.lock";
			outputFileListPaths = (
			);
			outputPaths = (
				"$(DERIVED_FILE_DIR)/Pods-Currency Converter-checkManifestLockResult.txt",
			);
			runOnlyForDeploymentPostprocessing = 0;
			shellPath = /bin/sh;
			shellScript = "diff \"${PODS_PODFILE_DIR_PATH}/Podfile.lock\" \"${PODS_ROOT}/Manifest.lock\" > /dev/null\nif [ $? != 0 ] ; then\n    # print error to STDERR\n    echo \"error: The sandbox is not in sync with the Podfile.lock. Run 'pod install' or update your CocoaPods installation.\" >&2\n    exit 1\nfi\n# This output is used by Xcode 'outputs' to avoid re-running this script phase.\necho \"SUCCESS\" > \"${SCRIPT_OUTPUT_FILE_0}\"\n";
			showEnvVarsInLog = 0;
		};
/* End PBXShellScriptBuildPhase section */

/* Begin PBXSourcesBuildPhase section */
		F9F621DE25AF659100C35C23 /* Sources */ = {
			isa = PBXSourcesBuildPhase;
			buildActionMask = 2147483647;
			files = (
				F9CE72FF25B0300000F01EB4 /* Router.swift in Sources */,
				F9CE72FD25B0300000F01EB4 /* HTTPTask.swift in Sources */,
				F99607DC25AF89CB0078AFF3 /* CurrencyTableViewCell.swift in Sources */,
				F9CE72F925B0300000F01EB4 /* ResponseHandler.swift in Sources */,
				F99607E525AF8D030078AFF3 /* Currencies.swift in Sources */,
				F9CE72FA25B0300000F01EB4 /* CustomErrors.swift in Sources */,
				F9F621EA25AF659100C35C23 /* CurrenciesViewController.swift in Sources */,
				F9CE730625B0322300F01EB4 /* CurrencyEndpoint.swift in Sources */,
				F9CE72F625B0300000F01EB4 /* APIData.swift in Sources */,
				F9CE72FC25B0300000F01EB4 /* NetworkRouter.swift in Sources */,
				F9CE72FB25B0300000F01EB4 /* ResponseHandlerProtocol.swift in Sources */,
				F9CE72FE25B0300000F01EB4 /* HTTPMethod.swift in Sources */,
				F9CE72F725B0300000F01EB4 /* ServerResponse.swift in Sources */,
				F9CE72F125B0300000F01EB4 /* ParameterEncoding.swift in Sources */,
				F9FBE50325B019F700E070D8 /* UIView+Extension.swift in Sources */,
				F9FBE4FF25B0122500E070D8 /* ConverterViewModel.swift in Sources */,
				F9CE72F325B0300000F01EB4 /* URLParameterEncoding.swift in Sources */,
				F9B0EE7625B005D5004F7AB1 /* CurrenciesViewModel.swift in Sources */,
				F9F621E625AF659100C35C23 /* AppDelegate.swift in Sources */,
				F9FBE4FB25B0105F00E070D8 /* ConverterViewController.swift in Sources */,
				F9CE730025B0300000F01EB4 /* EndPointType.swift in Sources */,
				F9F621E825AF659100C35C23 /* SceneDelegate.swift in Sources */,
				F9CE72DD25B0300000F01EB4 /* CurrencyAPI.swift in Sources */,
			);
			runOnlyForDeploymentPostprocessing = 0;
		};
/* End PBXSourcesBuildPhase section */

/* Begin PBXVariantGroup section */
		F9F621EB25AF659100C35C23 /* Main.storyboard */ = {
			isa = PBXVariantGroup;
			children = (
				F9F621EC25AF659100C35C23 /* Base */,
			);
			name = Main.storyboard;
			sourceTree = "<group>";
		};
		F9F621F025AF659400C35C23 /* LaunchScreen.storyboard */ = {
			isa = PBXVariantGroup;
			children = (
				F9F621F125AF659400C35C23 /* Base */,
			);
			name = LaunchScreen.storyboard;
			sourceTree = "<group>";
		};
/* End PBXVariantGroup section */

/* Begin XCBuildConfiguration section */
		F9F621F425AF659400C35C23 /* Debug */ = {
			isa = XCBuildConfiguration;
			buildSettings = {
				ALWAYS_SEARCH_USER_PATHS = NO;
				CLANG_ANALYZER_NONNULL = YES;
				CLANG_ANALYZER_NUMBER_OBJECT_CONVERSION = YES_AGGRESSIVE;
				CLANG_CXX_LANGUAGE_STANDARD = "gnu++14";
				CLANG_CXX_LIBRARY = "libc++";
				CLANG_ENABLE_MODULES = YES;
				CLANG_ENABLE_OBJC_ARC = YES;
				CLANG_ENABLE_OBJC_WEAK = YES;
				CLANG_WARN_BLOCK_CAPTURE_AUTORELEASING = YES;
				CLANG_WARN_BOOL_CONVERSION = YES;
				CLANG_WARN_COMMA = YES;
				CLANG_WARN_CONSTANT_CONVERSION = YES;
				CLANG_WARN_DEPRECATED_OBJC_IMPLEMENTATIONS = YES;
				CLANG_WARN_DIRECT_OBJC_ISA_USAGE = YES_ERROR;
				CLANG_WARN_DOCUMENTATION_COMMENTS = YES;
				CLANG_WARN_EMPTY_BODY = YES;
				CLANG_WARN_ENUM_CONVERSION = YES;
				CLANG_WARN_INFINITE_RECURSION = YES;
				CLANG_WARN_INT_CONVERSION = YES;
				CLANG_WARN_NON_LITERAL_NULL_CONVERSION = YES;
				CLANG_WARN_OBJC_IMPLICIT_RETAIN_SELF = YES;
				CLANG_WARN_OBJC_LITERAL_CONVERSION = YES;
				CLANG_WARN_OBJC_ROOT_CLASS = YES_ERROR;
				CLANG_WARN_QUOTED_INCLUDE_IN_FRAMEWORK_HEADER = YES;
				CLANG_WARN_RANGE_LOOP_ANALYSIS = YES;
				CLANG_WARN_STRICT_PROTOTYPES = YES;
				CLANG_WARN_SUSPICIOUS_MOVE = YES;
				CLANG_WARN_UNGUARDED_AVAILABILITY = YES_AGGRESSIVE;
				CLANG_WARN_UNREACHABLE_CODE = YES;
				CLANG_WARN__DUPLICATE_METHOD_MATCH = YES;
				COPY_PHASE_STRIP = NO;
				DEBUG_INFORMATION_FORMAT = dwarf;
				ENABLE_STRICT_OBJC_MSGSEND = YES;
				ENABLE_TESTABILITY = YES;
				GCC_C_LANGUAGE_STANDARD = gnu11;
				GCC_DYNAMIC_NO_PIC = NO;
				GCC_NO_COMMON_BLOCKS = YES;
				GCC_OPTIMIZATION_LEVEL = 0;
				GCC_PREPROCESSOR_DEFINITIONS = (
					"DEBUG=1",
					"$(inherited)",
				);
				GCC_WARN_64_TO_32_BIT_CONVERSION = YES;
				GCC_WARN_ABOUT_RETURN_TYPE = YES_ERROR;
				GCC_WARN_UNDECLARED_SELECTOR = YES;
				GCC_WARN_UNINITIALIZED_AUTOS = YES_AGGRESSIVE;
				GCC_WARN_UNUSED_FUNCTION = YES;
				GCC_WARN_UNUSED_VARIABLE = YES;
				IPHONEOS_DEPLOYMENT_TARGET = 14.2;
				MTL_ENABLE_DEBUG_INFO = INCLUDE_SOURCE;
				MTL_FAST_MATH = YES;
				ONLY_ACTIVE_ARCH = YES;
				SDKROOT = iphoneos;
				SWIFT_ACTIVE_COMPILATION_CONDITIONS = DEBUG;
				SWIFT_OPTIMIZATION_LEVEL = "-Onone";
			};
			name = Debug;
		};
		F9F621F525AF659400C35C23 /* Release */ = {
			isa = XCBuildConfiguration;
			buildSettings = {
				ALWAYS_SEARCH_USER_PATHS = NO;
				CLANG_ANALYZER_NONNULL = YES;
				CLANG_ANALYZER_NUMBER_OBJECT_CONVERSION = YES_AGGRESSIVE;
				CLANG_CXX_LANGUAGE_STANDARD = "gnu++14";
				CLANG_CXX_LIBRARY = "libc++";
				CLANG_ENABLE_MODULES = YES;
				CLANG_ENABLE_OBJC_ARC = YES;
				CLANG_ENABLE_OBJC_WEAK = YES;
				CLANG_WARN_BLOCK_CAPTURE_AUTORELEASING = YES;
				CLANG_WARN_BOOL_CONVERSION = YES;
				CLANG_WARN_COMMA = YES;
				CLANG_WARN_CONSTANT_CONVERSION = YES;
				CLANG_WARN_DEPRECATED_OBJC_IMPLEMENTATIONS = YES;
				CLANG_WARN_DIRECT_OBJC_ISA_USAGE = YES_ERROR;
				CLANG_WARN_DOCUMENTATION_COMMENTS = YES;
				CLANG_WARN_EMPTY_BODY = YES;
				CLANG_WARN_ENUM_CONVERSION = YES;
				CLANG_WARN_INFINITE_RECURSION = YES;
				CLANG_WARN_INT_CONVERSION = YES;
				CLANG_WARN_NON_LITERAL_NULL_CONVERSION = YES;
				CLANG_WARN_OBJC_IMPLICIT_RETAIN_SELF = YES;
				CLANG_WARN_OBJC_LITERAL_CONVERSION = YES;
				CLANG_WARN_OBJC_ROOT_CLASS = YES_ERROR;
				CLANG_WARN_QUOTED_INCLUDE_IN_FRAMEWORK_HEADER = YES;
				CLANG_WARN_RANGE_LOOP_ANALYSIS = YES;
				CLANG_WARN_STRICT_PROTOTYPES = YES;
				CLANG_WARN_SUSPICIOUS_MOVE = YES;
				CLANG_WARN_UNGUARDED_AVAILABILITY = YES_AGGRESSIVE;
				CLANG_WARN_UNREACHABLE_CODE = YES;
				CLANG_WARN__DUPLICATE_METHOD_MATCH = YES;
				COPY_PHASE_STRIP = NO;
				DEBUG_INFORMATION_FORMAT = "dwarf-with-dsym";
				ENABLE_NS_ASSERTIONS = NO;
				ENABLE_STRICT_OBJC_MSGSEND = YES;
				GCC_C_LANGUAGE_STANDARD = gnu11;
				GCC_NO_COMMON_BLOCKS = YES;
				GCC_WARN_64_TO_32_BIT_CONVERSION = YES;
				GCC_WARN_ABOUT_RETURN_TYPE = YES_ERROR;
				GCC_WARN_UNDECLARED_SELECTOR = YES;
				GCC_WARN_UNINITIALIZED_AUTOS = YES_AGGRESSIVE;
				GCC_WARN_UNUSED_FUNCTION = YES;
				GCC_WARN_UNUSED_VARIABLE = YES;
				IPHONEOS_DEPLOYMENT_TARGET = 14.2;
				MTL_ENABLE_DEBUG_INFO = NO;
				MTL_FAST_MATH = YES;
				SDKROOT = iphoneos;
				SWIFT_COMPILATION_MODE = wholemodule;
				SWIFT_OPTIMIZATION_LEVEL = "-O";
				VALIDATE_PRODUCT = YES;
			};
			name = Release;
		};
		F9F621F725AF659400C35C23 /* Debug */ = {
			isa = XCBuildConfiguration;
			baseConfigurationReference = C50DE6851E96FF8AB36BA18C /* Pods-Currency Converter.debug.xcconfig */;
			buildSettings = {
				ASSETCATALOG_COMPILER_APPICON_NAME = AppIcon;
				ASSETCATALOG_COMPILER_GLOBAL_ACCENT_COLOR_NAME = AccentColor;
				CODE_SIGN_STYLE = Automatic;
				INFOPLIST_FILE = "Currency Converter/Info.plist";
				LD_RUNPATH_SEARCH_PATHS = (
					"$(inherited)",
					"@executable_path/Frameworks",
				);
				PRODUCT_BUNDLE_IDENTIFIER = "he.swenson.currency-converter";
				PRODUCT_NAME = "$(TARGET_NAME)";
				SWIFT_VERSION = 5.0;
				TARGETED_DEVICE_FAMILY = "1,2";
			};
			name = Debug;
		};
		F9F621F825AF659400C35C23 /* Release */ = {
			isa = XCBuildConfiguration;
			baseConfigurationReference = 8B9DD23FBE5587619B0CAE37 /* Pods-Currency Converter.release.xcconfig */;
			buildSettings = {
				ASSETCATALOG_COMPILER_APPICON_NAME = AppIcon;
				ASSETCATALOG_COMPILER_GLOBAL_ACCENT_COLOR_NAME = AccentColor;
				CODE_SIGN_STYLE = Automatic;
				INFOPLIST_FILE = "Currency Converter/Info.plist";
				LD_RUNPATH_SEARCH_PATHS = (
					"$(inherited)",
					"@executable_path/Frameworks",
				);
				PRODUCT_BUNDLE_IDENTIFIER = "he.swenson.currency-converter";
				PRODUCT_NAME = "$(TARGET_NAME)";
				SWIFT_VERSION = 5.0;
				TARGETED_DEVICE_FAMILY = "1,2";
			};
			name = Release;
		};
/* End XCBuildConfiguration section */

/* Begin XCConfigurationList section */
		F9F621DD25AF659000C35C23 /* Build configuration list for PBXProject "Currency Converter" */ = {
			isa = XCConfigurationList;
			buildConfigurations = (
				F9F621F425AF659400C35C23 /* Debug */,
				F9F621F525AF659400C35C23 /* Release */,
			);
			defaultConfigurationIsVisible = 0;
			defaultConfigurationName = Release;
		};
		F9F621F625AF659400C35C23 /* Build configuration list for PBXNativeTarget "Currency Converter" */ = {
			isa = XCConfigurationList;
			buildConfigurations = (
				F9F621F725AF659400C35C23 /* Debug */,
				F9F621F825AF659400C35C23 /* Release */,
			);
			defaultConfigurationIsVisible = 0;
			defaultConfigurationName = Release;
		};
/* End XCConfigurationList section */
	};
	rootObject = F9F621DA25AF659000C35C23 /* Project object */;
}
